// !$*UTF8*$!
{
	archiveVersion = 1;
	classes = {
	};
	objectVersion = 56;
	objects = {

/* Begin PBXBuildFile section */
		B843CBFD2AA85EBF00C5DC1E /* AppDelegate.swift in Sources */ = {isa = PBXBuildFile; fileRef = B843CBFC2AA85EBF00C5DC1E /* AppDelegate.swift */; };
		B843CBFF2AA85EBF00C5DC1E /* SceneDelegate.swift in Sources */ = {isa = PBXBuildFile; fileRef = B843CBFE2AA85EBF00C5DC1E /* SceneDelegate.swift */; };
		B843CC012AA85EBF00C5DC1E /* ViewController.swift in Sources */ = {isa = PBXBuildFile; fileRef = B843CC002AA85EBF00C5DC1E /* ViewController.swift */; };
		B843CC062AA85EC000C5DC1E /* Assets.xcassets in Resources */ = {isa = PBXBuildFile; fileRef = B843CC052AA85EC000C5DC1E /* Assets.xcassets */; };
		B843CC092AA85EC000C5DC1E /* LaunchScreen.storyboard in Resources */ = {isa = PBXBuildFile; fileRef = B843CC072AA85EC000C5DC1E /* LaunchScreen.storyboard */; };
		B843CC142AA85EC000C5DC1E /* EmailPasswordAuthServiceTests.swift in Sources */ = {isa = PBXBuildFile; fileRef = B843CC132AA85EC000C5DC1E /* EmailPasswordAuthServiceTests.swift */; };
		B8C1EEFB2AA9AE1A004ECCF2 /* GoogleService-Info.plist in Resources */ = {isa = PBXBuildFile; fileRef = B8C1EEFA2AA9AE1A004ECCF2 /* GoogleService-Info.plist */; };
		B8C1EEFE2AA9B257004ECCF2 /* FirebaseAuth in Frameworks */ = {isa = PBXBuildFile; productRef = B8C1EEFD2AA9B257004ECCF2 /* FirebaseAuth */; };
		B8C1EF002AA9B257004ECCF2 /* FirebaseCrashlytics in Frameworks */ = {isa = PBXBuildFile; productRef = B8C1EEFF2AA9B257004ECCF2 /* FirebaseCrashlytics */; };
		B8C1EF022AA9B257004ECCF2 /* FirebaseFirestore in Frameworks */ = {isa = PBXBuildFile; productRef = B8C1EF012AA9B257004ECCF2 /* FirebaseFirestore */; };
		B8C1EF042AA9B257004ECCF2 /* FirebaseFirestoreSwift in Frameworks */ = {isa = PBXBuildFile; productRef = B8C1EF032AA9B257004ECCF2 /* FirebaseFirestoreSwift */; };
		B8C1EF062AA9B257004ECCF2 /* FirebaseStorage in Frameworks */ = {isa = PBXBuildFile; productRef = B8C1EF052AA9B257004ECCF2 /* FirebaseStorage */; };
		B8C1EF092AA9C618004ECCF2 /* EmailPasswordLoginService.swift in Sources */ = {isa = PBXBuildFile; fileRef = B8C1EF082AA9C618004ECCF2 /* EmailPasswordLoginService.swift */; };
		B8C1EF0B2AA9E38F004ECCF2 /* LoginService.swift in Sources */ = {isa = PBXBuildFile; fileRef = B8C1EF0A2AA9E38F004ECCF2 /* LoginService.swift */; };
		B8C1EF0D2AA9E39F004ECCF2 /* EmailPasswordAuthClient.swift in Sources */ = {isa = PBXBuildFile; fileRef = B8C1EF0C2AA9E39F004ECCF2 /* EmailPasswordAuthClient.swift */; };
		B8C1EF102AA9E413004ECCF2 /* XCTestCase+MemoryLeakTracking.swift in Sources */ = {isa = PBXBuildFile; fileRef = B8C1EF0F2AA9E413004ECCF2 /* XCTestCase+MemoryLeakTracking.swift */; };
/* End PBXBuildFile section */

/* Begin PBXContainerItemProxy section */
		B843CC102AA85EC000C5DC1E /* PBXContainerItemProxy */ = {
			isa = PBXContainerItemProxy;
			containerPortal = B843CBF12AA85EBF00C5DC1E /* Project object */;
			proxyType = 1;
			remoteGlobalIDString = B843CBF82AA85EBF00C5DC1E;
			remoteInfo = ProjexSync;
		};
/* End PBXContainerItemProxy section */

/* Begin PBXFileReference section */
		B843CBF92AA85EBF00C5DC1E /* ProjexSync.app */ = {isa = PBXFileReference; explicitFileType = wrapper.application; includeInIndex = 0; path = ProjexSync.app; sourceTree = BUILT_PRODUCTS_DIR; };
		B843CBFC2AA85EBF00C5DC1E /* AppDelegate.swift */ = {isa = PBXFileReference; lastKnownFileType = sourcecode.swift; path = AppDelegate.swift; sourceTree = "<group>"; };
		B843CBFE2AA85EBF00C5DC1E /* SceneDelegate.swift */ = {isa = PBXFileReference; lastKnownFileType = sourcecode.swift; path = SceneDelegate.swift; sourceTree = "<group>"; };
		B843CC002AA85EBF00C5DC1E /* ViewController.swift */ = {isa = PBXFileReference; lastKnownFileType = sourcecode.swift; path = ViewController.swift; sourceTree = "<group>"; };
		B843CC052AA85EC000C5DC1E /* Assets.xcassets */ = {isa = PBXFileReference; lastKnownFileType = folder.assetcatalog; path = Assets.xcassets; sourceTree = "<group>"; };
		B843CC082AA85EC000C5DC1E /* Base */ = {isa = PBXFileReference; lastKnownFileType = file.storyboard; name = Base; path = Base.lproj/LaunchScreen.storyboard; sourceTree = "<group>"; };
		B843CC0A2AA85EC000C5DC1E /* Info.plist */ = {isa = PBXFileReference; lastKnownFileType = text.plist.xml; path = Info.plist; sourceTree = "<group>"; };
		B843CC0F2AA85EC000C5DC1E /* ProjexSyncTests.xctest */ = {isa = PBXFileReference; explicitFileType = wrapper.cfbundle; includeInIndex = 0; path = ProjexSyncTests.xctest; sourceTree = BUILT_PRODUCTS_DIR; };
		B843CC132AA85EC000C5DC1E /* EmailPasswordAuthServiceTests.swift */ = {isa = PBXFileReference; lastKnownFileType = sourcecode.swift; path = EmailPasswordAuthServiceTests.swift; sourceTree = "<group>"; };
		B843CC2C2AA85F4800C5DC1E /* ProjexSync.xctestplan */ = {isa = PBXFileReference; lastKnownFileType = text; path = ProjexSync.xctestplan; sourceTree = SOURCE_ROOT; };
		B8C1EEFA2AA9AE1A004ECCF2 /* GoogleService-Info.plist */ = {isa = PBXFileReference; fileEncoding = 4; lastKnownFileType = text.plist.xml; path = "GoogleService-Info.plist"; sourceTree = "<group>"; };
		B8C1EF082AA9C618004ECCF2 /* EmailPasswordLoginService.swift */ = {isa = PBXFileReference; lastKnownFileType = sourcecode.swift; path = EmailPasswordLoginService.swift; sourceTree = "<group>"; };
		B8C1EF0A2AA9E38F004ECCF2 /* LoginService.swift */ = {isa = PBXFileReference; lastKnownFileType = sourcecode.swift; path = LoginService.swift; sourceTree = "<group>"; };
		B8C1EF0C2AA9E39F004ECCF2 /* EmailPasswordAuthClient.swift */ = {isa = PBXFileReference; lastKnownFileType = sourcecode.swift; path = EmailPasswordAuthClient.swift; sourceTree = "<group>"; };
		B8C1EF0F2AA9E413004ECCF2 /* XCTestCase+MemoryLeakTracking.swift */ = {isa = PBXFileReference; lastKnownFileType = sourcecode.swift; path = "XCTestCase+MemoryLeakTracking.swift"; sourceTree = "<group>"; };
/* End PBXFileReference section */

/* Begin PBXFrameworksBuildPhase section */
		B843CBF62AA85EBF00C5DC1E /* Frameworks */ = {
			isa = PBXFrameworksBuildPhase;
			buildActionMask = 2147483647;
			files = (
				B8C1EEFE2AA9B257004ECCF2 /* FirebaseAuth in Frameworks */,
				B8C1EF002AA9B257004ECCF2 /* FirebaseCrashlytics in Frameworks */,
				B8C1EF022AA9B257004ECCF2 /* FirebaseFirestore in Frameworks */,
				B8C1EF062AA9B257004ECCF2 /* FirebaseStorage in Frameworks */,
				B8C1EF042AA9B257004ECCF2 /* FirebaseFirestoreSwift in Frameworks */,
			);
			runOnlyForDeploymentPostprocessing = 0;
		};
		B843CC0C2AA85EC000C5DC1E /* Frameworks */ = {
			isa = PBXFrameworksBuildPhase;
			buildActionMask = 2147483647;
			files = (
			);
			runOnlyForDeploymentPostprocessing = 0;
		};
/* End PBXFrameworksBuildPhase section */

/* Begin PBXGroup section */
		B843CBF02AA85EBF00C5DC1E = {
			isa = PBXGroup;
			children = (
				B843CBFB2AA85EBF00C5DC1E /* ProjexSync */,
				B843CC122AA85EC000C5DC1E /* ProjexSyncTests */,
				B843CBFA2AA85EBF00C5DC1E /* Products */,
			);
			sourceTree = "<group>";
		};
		B843CBFA2AA85EBF00C5DC1E /* Products */ = {
			isa = PBXGroup;
			children = (
				B843CBF92AA85EBF00C5DC1E /* ProjexSync.app */,
				B843CC0F2AA85EC000C5DC1E /* ProjexSyncTests.xctest */,
			);
			name = Products;
			sourceTree = "<group>";
		};
		B843CBFB2AA85EBF00C5DC1E /* ProjexSync */ = {
			isa = PBXGroup;
			children = (
				B8C1EF072AA9BADF004ECCF2 /* Login */,
				B843CBFC2AA85EBF00C5DC1E /* AppDelegate.swift */,
				B843CBFE2AA85EBF00C5DC1E /* SceneDelegate.swift */,
				B843CC002AA85EBF00C5DC1E /* ViewController.swift */,
				B843CC052AA85EC000C5DC1E /* Assets.xcassets */,
				B843CC072AA85EC000C5DC1E /* LaunchScreen.storyboard */,
				B843CC0A2AA85EC000C5DC1E /* Info.plist */,
				B8C1EEFA2AA9AE1A004ECCF2 /* GoogleService-Info.plist */,
			);
			path = ProjexSync;
			sourceTree = "<group>";
		};
		B843CC122AA85EC000C5DC1E /* ProjexSyncTests */ = {
			isa = PBXGroup;
			children = (
				B843CC2C2AA85F4800C5DC1E /* ProjexSync.xctestplan */,
				B8C1EF0E2AA9E3FB004ECCF2 /* Helpers */,
				B843CC132AA85EC000C5DC1E /* EmailPasswordAuthServiceTests.swift */,
			);
			path = ProjexSyncTests;
			sourceTree = "<group>";
		};
		B8C1EF072AA9BADF004ECCF2 /* Login */ = {
			isa = PBXGroup;
			children = (
				B8C1EF0C2AA9E39F004ECCF2 /* EmailPasswordAuthClient.swift */,
				B8C1EF0A2AA9E38F004ECCF2 /* LoginService.swift */,
				B8C1EF082AA9C618004ECCF2 /* EmailPasswordLoginService.swift */,
			);
			path = Login;
			sourceTree = "<group>";
		};
		B8C1EF0E2AA9E3FB004ECCF2 /* Helpers */ = {
			isa = PBXGroup;
			children = (
				B8C1EF0F2AA9E413004ECCF2 /* XCTestCase+MemoryLeakTracking.swift */,
			);
			path = Helpers;
			sourceTree = "<group>";
		};
/* End PBXGroup section */

/* Begin PBXNativeTarget section */
		B843CBF82AA85EBF00C5DC1E /* ProjexSync */ = {
			isa = PBXNativeTarget;
			buildConfigurationList = B843CC232AA85EC000C5DC1E /* Build configuration list for PBXNativeTarget "ProjexSync" */;
			buildPhases = (
				B843CBF52AA85EBF00C5DC1E /* Sources */,
				B843CBF62AA85EBF00C5DC1E /* Frameworks */,
				B843CBF72AA85EBF00C5DC1E /* Resources */,
			);
			buildRules = (
			);
			dependencies = (
			);
			name = ProjexSync;
			packageProductDependencies = (
				B8C1EEFD2AA9B257004ECCF2 /* FirebaseAuth */,
				B8C1EEFF2AA9B257004ECCF2 /* FirebaseCrashlytics */,
				B8C1EF012AA9B257004ECCF2 /* FirebaseFirestore */,
				B8C1EF032AA9B257004ECCF2 /* FirebaseFirestoreSwift */,
				B8C1EF052AA9B257004ECCF2 /* FirebaseStorage */,
			);
			productName = ProjexSync;
			productReference = B843CBF92AA85EBF00C5DC1E /* ProjexSync.app */;
			productType = "com.apple.product-type.application";
		};
		B843CC0E2AA85EC000C5DC1E /* ProjexSyncTests */ = {
			isa = PBXNativeTarget;
			buildConfigurationList = B843CC262AA85EC000C5DC1E /* Build configuration list for PBXNativeTarget "ProjexSyncTests" */;
			buildPhases = (
				B843CC0B2AA85EC000C5DC1E /* Sources */,
				B843CC0C2AA85EC000C5DC1E /* Frameworks */,
				B843CC0D2AA85EC000C5DC1E /* Resources */,
			);
			buildRules = (
			);
			dependencies = (
				B843CC112AA85EC000C5DC1E /* PBXTargetDependency */,
			);
			name = ProjexSyncTests;
			productName = ProjexSyncTests;
			productReference = B843CC0F2AA85EC000C5DC1E /* ProjexSyncTests.xctest */;
			productType = "com.apple.product-type.bundle.unit-test";
		};
/* End PBXNativeTarget section */

/* Begin PBXProject section */
		B843CBF12AA85EBF00C5DC1E /* Project object */ = {
			isa = PBXProject;
			attributes = {
				BuildIndependentTargetsInParallel = 1;
				LastSwiftUpdateCheck = 1430;
				LastUpgradeCheck = 1430;
				TargetAttributes = {
					B843CBF82AA85EBF00C5DC1E = {
						CreatedOnToolsVersion = 14.3.1;
					};
					B843CC0E2AA85EC000C5DC1E = {
						CreatedOnToolsVersion = 14.3.1;
						TestTargetID = B843CBF82AA85EBF00C5DC1E;
					};
				};
			};
			buildConfigurationList = B843CBF42AA85EBF00C5DC1E /* Build configuration list for PBXProject "ProjexSync" */;
			compatibilityVersion = "Xcode 14.0";
			developmentRegion = en;
			hasScannedForEncodings = 0;
			knownRegions = (
				en,
				Base,
			);
			mainGroup = B843CBF02AA85EBF00C5DC1E;
			packageReferences = (
				B8C1EEFC2AA9B257004ECCF2 /* XCRemoteSwiftPackageReference "firebase-ios-sdk" */,
			);
			productRefGroup = B843CBFA2AA85EBF00C5DC1E /* Products */;
			projectDirPath = "";
			projectRoot = "";
			targets = (
				B843CBF82AA85EBF00C5DC1E /* ProjexSync */,
				B843CC0E2AA85EC000C5DC1E /* ProjexSyncTests */,
			);
		};
/* End PBXProject section */

/* Begin PBXResourcesBuildPhase section */
		B843CBF72AA85EBF00C5DC1E /* Resources */ = {
			isa = PBXResourcesBuildPhase;
			buildActionMask = 2147483647;
			files = (
				B843CC092AA85EC000C5DC1E /* LaunchScreen.storyboard in Resources */,
				B843CC062AA85EC000C5DC1E /* Assets.xcassets in Resources */,
				B8C1EEFB2AA9AE1A004ECCF2 /* GoogleService-Info.plist in Resources */,
			);
			runOnlyForDeploymentPostprocessing = 0;
		};
		B843CC0D2AA85EC000C5DC1E /* Resources */ = {
			isa = PBXResourcesBuildPhase;
			buildActionMask = 2147483647;
			files = (
			);
			runOnlyForDeploymentPostprocessing = 0;
		};
/* End PBXResourcesBuildPhase section */

/* Begin PBXSourcesBuildPhase section */
		B843CBF52AA85EBF00C5DC1E /* Sources */ = {
			isa = PBXSourcesBuildPhase;
			buildActionMask = 2147483647;
			files = (
				B8C1EF092AA9C618004ECCF2 /* EmailPasswordLoginService.swift in Sources */,
				B843CC012AA85EBF00C5DC1E /* ViewController.swift in Sources */,
				B8C1EF0B2AA9E38F004ECCF2 /* LoginService.swift in Sources */,
				B843CBFD2AA85EBF00C5DC1E /* AppDelegate.swift in Sources */,
				B8C1EF0D2AA9E39F004ECCF2 /* EmailPasswordAuthClient.swift in Sources */,
				B843CBFF2AA85EBF00C5DC1E /* SceneDelegate.swift in Sources */,
			);
			runOnlyForDeploymentPostprocessing = 0;
		};
		B843CC0B2AA85EC000C5DC1E /* Sources */ = {
			isa = PBXSourcesBuildPhase;
			buildActionMask = 2147483647;
			files = (
				B843CC142AA85EC000C5DC1E /* EmailPasswordAuthServiceTests.swift in Sources */,
				B8C1EF102AA9E413004ECCF2 /* XCTestCase+MemoryLeakTracking.swift in Sources */,
			);
			runOnlyForDeploymentPostprocessing = 0;
		};
/* End PBXSourcesBuildPhase section */

/* Begin PBXTargetDependency section */
		B843CC112AA85EC000C5DC1E /* PBXTargetDependency */ = {
			isa = PBXTargetDependency;
			target = B843CBF82AA85EBF00C5DC1E /* ProjexSync */;
			targetProxy = B843CC102AA85EC000C5DC1E /* PBXContainerItemProxy */;
		};
/* End PBXTargetDependency section */

/* Begin PBXVariantGroup section */
		B843CC072AA85EC000C5DC1E /* LaunchScreen.storyboard */ = {
			isa = PBXVariantGroup;
			children = (
				B843CC082AA85EC000C5DC1E /* Base */,
			);
			name = LaunchScreen.storyboard;
			sourceTree = "<group>";
		};
/* End PBXVariantGroup section */

/* Begin XCBuildConfiguration section */
		B843CC212AA85EC000C5DC1E /* Debug */ = {
			isa = XCBuildConfiguration;
			buildSettings = {
				ALWAYS_SEARCH_USER_PATHS = NO;
				CLANG_ANALYZER_NONNULL = YES;
				CLANG_ANALYZER_NUMBER_OBJECT_CONVERSION = YES_AGGRESSIVE;
				CLANG_CXX_LANGUAGE_STANDARD = "gnu++20";
				CLANG_ENABLE_MODULES = YES;
				CLANG_ENABLE_OBJC_ARC = YES;
				CLANG_ENABLE_OBJC_WEAK = YES;
				CLANG_WARN_BLOCK_CAPTURE_AUTORELEASING = YES;
				CLANG_WARN_BOOL_CONVERSION = YES;
				CLANG_WARN_COMMA = YES;
				CLANG_WARN_CONSTANT_CONVERSION = YES;
				CLANG_WARN_DEPRECATED_OBJC_IMPLEMENTATIONS = YES;
				CLANG_WARN_DIRECT_OBJC_ISA_USAGE = YES_ERROR;
				CLANG_WARN_DOCUMENTATION_COMMENTS = YES;
				CLANG_WARN_EMPTY_BODY = YES;
				CLANG_WARN_ENUM_CONVERSION = YES;
				CLANG_WARN_INFINITE_RECURSION = YES;
				CLANG_WARN_INT_CONVERSION = YES;
				CLANG_WARN_NON_LITERAL_NULL_CONVERSION = YES;
				CLANG_WARN_OBJC_IMPLICIT_RETAIN_SELF = YES;
				CLANG_WARN_OBJC_LITERAL_CONVERSION = YES;
				CLANG_WARN_OBJC_ROOT_CLASS = YES_ERROR;
				CLANG_WARN_QUOTED_INCLUDE_IN_FRAMEWORK_HEADER = YES;
				CLANG_WARN_RANGE_LOOP_ANALYSIS = YES;
				CLANG_WARN_STRICT_PROTOTYPES = YES;
				CLANG_WARN_SUSPICIOUS_MOVE = YES;
				CLANG_WARN_UNGUARDED_AVAILABILITY = YES_AGGRESSIVE;
				CLANG_WARN_UNREACHABLE_CODE = YES;
				CLANG_WARN__DUPLICATE_METHOD_MATCH = YES;
				COPY_PHASE_STRIP = NO;
				DEBUG_INFORMATION_FORMAT = dwarf;
				ENABLE_STRICT_OBJC_MSGSEND = YES;
				ENABLE_TESTABILITY = YES;
				GCC_C_LANGUAGE_STANDARD = gnu11;
				GCC_DYNAMIC_NO_PIC = NO;
				GCC_NO_COMMON_BLOCKS = YES;
				GCC_OPTIMIZATION_LEVEL = 0;
				GCC_PREPROCESSOR_DEFINITIONS = (
					"DEBUG=1",
					"$(inherited)",
				);
				GCC_WARN_64_TO_32_BIT_CONVERSION = YES;
				GCC_WARN_ABOUT_RETURN_TYPE = YES_ERROR;
				GCC_WARN_UNDECLARED_SELECTOR = YES;
				GCC_WARN_UNINITIALIZED_AUTOS = YES_AGGRESSIVE;
				GCC_WARN_UNUSED_FUNCTION = YES;
				GCC_WARN_UNUSED_VARIABLE = YES;
				IPHONEOS_DEPLOYMENT_TARGET = 16.4;
				MTL_ENABLE_DEBUG_INFO = INCLUDE_SOURCE;
				MTL_FAST_MATH = YES;
				ONLY_ACTIVE_ARCH = YES;
				SDKROOT = iphoneos;
				SWIFT_ACTIVE_COMPILATION_CONDITIONS = DEBUG;
				SWIFT_OPTIMIZATION_LEVEL = "-Onone";
			};
			name = Debug;
		};
		B843CC222AA85EC000C5DC1E /* Release */ = {
			isa = XCBuildConfiguration;
			buildSettings = {
				ALWAYS_SEARCH_USER_PATHS = NO;
				CLANG_ANALYZER_NONNULL = YES;
				CLANG_ANALYZER_NUMBER_OBJECT_CONVERSION = YES_AGGRESSIVE;
				CLANG_CXX_LANGUAGE_STANDARD = "gnu++20";
				CLANG_ENABLE_MODULES = YES;
				CLANG_ENABLE_OBJC_ARC = YES;
				CLANG_ENABLE_OBJC_WEAK = YES;
				CLANG_WARN_BLOCK_CAPTURE_AUTORELEASING = YES;
				CLANG_WARN_BOOL_CONVERSION = YES;
				CLANG_WARN_COMMA = YES;
				CLANG_WARN_CONSTANT_CONVERSION = YES;
				CLANG_WARN_DEPRECATED_OBJC_IMPLEMENTATIONS = YES;
				CLANG_WARN_DIRECT_OBJC_ISA_USAGE = YES_ERROR;
				CLANG_WARN_DOCUMENTATION_COMMENTS = YES;
				CLANG_WARN_EMPTY_BODY = YES;
				CLANG_WARN_ENUM_CONVERSION = YES;
				CLANG_WARN_INFINITE_RECURSION = YES;
				CLANG_WARN_INT_CONVERSION = YES;
				CLANG_WARN_NON_LITERAL_NULL_CONVERSION = YES;
				CLANG_WARN_OBJC_IMPLICIT_RETAIN_SELF = YES;
				CLANG_WARN_OBJC_LITERAL_CONVERSION = YES;
				CLANG_WARN_OBJC_ROOT_CLASS = YES_ERROR;
				CLANG_WARN_QUOTED_INCLUDE_IN_FRAMEWORK_HEADER = YES;
				CLANG_WARN_RANGE_LOOP_ANALYSIS = YES;
				CLANG_WARN_STRICT_PROTOTYPES = YES;
				CLANG_WARN_SUSPICIOUS_MOVE = YES;
				CLANG_WARN_UNGUARDED_AVAILABILITY = YES_AGGRESSIVE;
				CLANG_WARN_UNREACHABLE_CODE = YES;
				CLANG_WARN__DUPLICATE_METHOD_MATCH = YES;
				COPY_PHASE_STRIP = NO;
				DEBUG_INFORMATION_FORMAT = "dwarf-with-dsym";
				ENABLE_NS_ASSERTIONS = NO;
				ENABLE_STRICT_OBJC_MSGSEND = YES;
				GCC_C_LANGUAGE_STANDARD = gnu11;
				GCC_NO_COMMON_BLOCKS = YES;
				GCC_WARN_64_TO_32_BIT_CONVERSION = YES;
				GCC_WARN_ABOUT_RETURN_TYPE = YES_ERROR;
				GCC_WARN_UNDECLARED_SELECTOR = YES;
				GCC_WARN_UNINITIALIZED_AUTOS = YES_AGGRESSIVE;
				GCC_WARN_UNUSED_FUNCTION = YES;
				GCC_WARN_UNUSED_VARIABLE = YES;
				IPHONEOS_DEPLOYMENT_TARGET = 16.4;
				MTL_ENABLE_DEBUG_INFO = NO;
				MTL_FAST_MATH = YES;
				SDKROOT = iphoneos;
				SWIFT_COMPILATION_MODE = wholemodule;
				SWIFT_OPTIMIZATION_LEVEL = "-O";
				VALIDATE_PRODUCT = YES;
			};
			name = Release;
		};
		B843CC242AA85EC000C5DC1E /* Debug */ = {
			isa = XCBuildConfiguration;
			buildSettings = {
				ASSETCATALOG_COMPILER_APPICON_NAME = AppIcon;
				ASSETCATALOG_COMPILER_GLOBAL_ACCENT_COLOR_NAME = AccentColor;
				CODE_SIGN_STYLE = Automatic;
				CURRENT_PROJECT_VERSION = 1;
				DEVELOPMENT_TEAM = 4JAU88YC33;
				GENERATE_INFOPLIST_FILE = YES;
				INFOPLIST_FILE = ProjexSync/Info.plist;
				INFOPLIST_KEY_UIApplicationSupportsIndirectInputEvents = YES;
				INFOPLIST_KEY_UILaunchStoryboardName = LaunchScreen;
				INFOPLIST_KEY_UIMainStoryboardFile = "";
				INFOPLIST_KEY_UISupportedInterfaceOrientations = UIInterfaceOrientationPortrait;
				INFOPLIST_KEY_UISupportedInterfaceOrientations_iPad = "UIInterfaceOrientationLandscapeLeft UIInterfaceOrientationLandscapeRight UIInterfaceOrientationPortrait UIInterfaceOrientationPortraitUpsideDown";
				LD_RUNPATH_SEARCH_PATHS = (
					"$(inherited)",
					"@executable_path/Frameworks",
				);
				MARKETING_VERSION = 1.0;
				PRODUCT_BUNDLE_IDENTIFIER = com.Peng.ProjexSync;
				PRODUCT_NAME = "$(TARGET_NAME)";
				SWIFT_EMIT_LOC_STRINGS = YES;
				SWIFT_VERSION = 5.0;
				TARGETED_DEVICE_FAMILY = "1,2";
			};
			name = Debug;
		};
		B843CC252AA85EC000C5DC1E /* Release */ = {
			isa = XCBuildConfiguration;
			buildSettings = {
				ASSETCATALOG_COMPILER_APPICON_NAME = AppIcon;
				ASSETCATALOG_COMPILER_GLOBAL_ACCENT_COLOR_NAME = AccentColor;
				CODE_SIGN_STYLE = Automatic;
				CURRENT_PROJECT_VERSION = 1;
				DEVELOPMENT_TEAM = 4JAU88YC33;
				GENERATE_INFOPLIST_FILE = YES;
				INFOPLIST_FILE = ProjexSync/Info.plist;
				INFOPLIST_KEY_UIApplicationSupportsIndirectInputEvents = YES;
				INFOPLIST_KEY_UILaunchStoryboardName = LaunchScreen;
				INFOPLIST_KEY_UIMainStoryboardFile = "";
				INFOPLIST_KEY_UISupportedInterfaceOrientations = UIInterfaceOrientationPortrait;
				INFOPLIST_KEY_UISupportedInterfaceOrientations_iPad = "UIInterfaceOrientationLandscapeLeft UIInterfaceOrientationLandscapeRight UIInterfaceOrientationPortrait UIInterfaceOrientationPortraitUpsideDown";
				LD_RUNPATH_SEARCH_PATHS = (
					"$(inherited)",
					"@executable_path/Frameworks",
				);
				MARKETING_VERSION = 1.0;
				PRODUCT_BUNDLE_IDENTIFIER = com.Peng.ProjexSync;
				PRODUCT_NAME = "$(TARGET_NAME)";
				SWIFT_EMIT_LOC_STRINGS = YES;
				SWIFT_VERSION = 5.0;
				TARGETED_DEVICE_FAMILY = "1,2";
			};
			name = Release;
		};
		B843CC272AA85EC000C5DC1E /* Debug */ = {
			isa = XCBuildConfiguration;
			buildSettings = {
				ALWAYS_EMBED_SWIFT_STANDARD_LIBRARIES = YES;
				BUNDLE_LOADER = "$(TEST_HOST)";
				CODE_SIGN_STYLE = Automatic;
				CURRENT_PROJECT_VERSION = 1;
				DEVELOPMENT_TEAM = 4JAU88YC33;
				GENERATE_INFOPLIST_FILE = YES;
				IPHONEOS_DEPLOYMENT_TARGET = 16.4;
				MARKETING_VERSION = 1.0;
				PRODUCT_BUNDLE_IDENTIFIER = com.Peng.ProjexSyncTests;
				PRODUCT_NAME = "$(TARGET_NAME)";
				SWIFT_EMIT_LOC_STRINGS = NO;
				SWIFT_VERSION = 5.0;
				TARGETED_DEVICE_FAMILY = "1,2";
				TEST_HOST = "$(BUILT_PRODUCTS_DIR)/ProjexSync.app/ProjexSync";
			};
			name = Debug;
		};
		B843CC282AA85EC000C5DC1E /* Release */ = {
			isa = XCBuildConfiguration;
			buildSettings = {
				ALWAYS_EMBED_SWIFT_STANDARD_LIBRARIES = YES;
				BUNDLE_LOADER = "$(TEST_HOST)";
				CODE_SIGN_STYLE = Automatic;
				CURRENT_PROJECT_VERSION = 1;
				DEVELOPMENT_TEAM = 4JAU88YC33;
				GENERATE_INFOPLIST_FILE = YES;
				IPHONEOS_DEPLOYMENT_TARGET = 16.4;
				MARKETING_VERSION = 1.0;
				PRODUCT_BUNDLE_IDENTIFIER = com.Peng.ProjexSyncTests;
				PRODUCT_NAME = "$(TARGET_NAME)";
				SWIFT_EMIT_LOC_STRINGS = NO;
				SWIFT_VERSION = 5.0;
				TARGETED_DEVICE_FAMILY = "1,2";
				TEST_HOST = "$(BUILT_PRODUCTS_DIR)/ProjexSync.app/ProjexSync";
			};
			name = Release;
		};
/* End XCBuildConfiguration section */

/* Begin XCConfigurationList section */
		B843CBF42AA85EBF00C5DC1E /* Build configuration list for PBXProject "ProjexSync" */ = {
			isa = XCConfigurationList;
			buildConfigurations = (
				B843CC212AA85EC000C5DC1E /* Debug */,
				B843CC222AA85EC000C5DC1E /* Release */,
			);
			defaultConfigurationIsVisible = 0;
			defaultConfigurationName = Release;
		};
		B843CC232AA85EC000C5DC1E /* Build configuration list for PBXNativeTarget "ProjexSync" */ = {
			isa = XCConfigurationList;
			buildConfigurations = (
				B843CC242AA85EC000C5DC1E /* Debug */,
				B843CC252AA85EC000C5DC1E /* Release */,
			);
			defaultConfigurationIsVisible = 0;
			defaultConfigurationName = Release;
		};
		B843CC262AA85EC000C5DC1E /* Build configuration list for PBXNativeTarget "ProjexSyncTests" */ = {
			isa = XCConfigurationList;
			buildConfigurations = (
				B843CC272AA85EC000C5DC1E /* Debug */,
				B843CC282AA85EC000C5DC1E /* Release */,
			);
			defaultConfigurationIsVisible = 0;
			defaultConfigurationName = Release;
		};
/* End XCConfigurationList section */

/* Begin XCRemoteSwiftPackageReference section */
		B8C1EEFC2AA9B257004ECCF2 /* XCRemoteSwiftPackageReference "firebase-ios-sdk" */ = {
			isa = XCRemoteSwiftPackageReference;
			repositoryURL = "https://github.com/firebase/firebase-ios-sdk";
			requirement = {
				kind = upToNextMajorVersion;
				minimumVersion = 10.0.0;
			};
		};
/* End XCRemoteSwiftPackageReference section */

/* Begin XCSwiftPackageProductDependency section */
		B8C1EEFD2AA9B257004ECCF2 /* FirebaseAuth */ = {
			isa = XCSwiftPackageProductDependency;
			package = B8C1EEFC2AA9B257004ECCF2 /* XCRemoteSwiftPackageReference "firebase-ios-sdk" */;
			productName = FirebaseAuth;
		};
		B8C1EEFF2AA9B257004ECCF2 /* FirebaseCrashlytics */ = {
			isa = XCSwiftPackageProductDependency;
			package = B8C1EEFC2AA9B257004ECCF2 /* XCRemoteSwiftPackageReference "firebase-ios-sdk" */;
			productName = FirebaseCrashlytics;
		};
		B8C1EF012AA9B257004ECCF2 /* FirebaseFirestore */ = {
			isa = XCSwiftPackageProductDependency;
			package = B8C1EEFC2AA9B257004ECCF2 /* XCRemoteSwiftPackageReference "firebase-ios-sdk" */;
			productName = FirebaseFirestore;
		};
		B8C1EF032AA9B257004ECCF2 /* FirebaseFirestoreSwift */ = {
			isa = XCSwiftPackageProductDependency;
			package = B8C1EEFC2AA9B257004ECCF2 /* XCRemoteSwiftPackageReference "firebase-ios-sdk" */;
			productName = FirebaseFirestoreSwift;
		};
		B8C1EF052AA9B257004ECCF2 /* FirebaseStorage */ = {
			isa = XCSwiftPackageProductDependency;
			package = B8C1EEFC2AA9B257004ECCF2 /* XCRemoteSwiftPackageReference "firebase-ios-sdk" */;
			productName = FirebaseStorage;
		};
/* End XCSwiftPackageProductDependency section */
	};
	rootObject = B843CBF12AA85EBF00C5DC1E /* Project object */;
}
